github.com/clearblade/Go-SDK v0.0.0-20211102204418-b07beccdda68 h1:jWKZ0F4YR7yFT4B39pHChRQfIaMT/tAS0A2VbFmU0NY=
github.com/clearblade/Go-SDK v0.0.0-20211102204418-b07beccdda68/go.mod h1:KByFsQUrafel53AhheIy5KflUpcqPeyPFqMQNwuwuS0=
github.com/clearblade/adapter-go-library v0.0.2 h1:wnfJkXbFNXEVSaR+F4LsKB6jgk0syAbEDEyrIhtBunA=
github.com/clearblade/adapter-go-library v0.0.2/go.mod h1:AKhCh+WeMcnpQooNtlHW6gJnJ7BVBzP24PYRxXjfqvs=
github.com/clearblade/go-utils v1.1.4 h1:/pcYKVTAJ5RcXRZnVENNdUZUKCoZRa3OVhbyer/aHiY=
github.com/clearblade/go-utils v1.1.4/go.mod h1:neQH1vakc/9y8BORrnWgSnBAQFBCS2U8OT3f47oM/YU=
github.com/clearblade/mqtt_parsing v0.0.0-20160301165118-6ae49eac0961 h1:/T6Cq3XSwmuFoN6GDoPWgGpNW5X0Idx49DbfQazRUOQ=
github.com/clearblade/mqtt_parsing v0.0.0-20160301165118-6ae49eac0961/go.mod h1:xDP8quKbKO12G1Z5hbQFhAb9DekEe/sSKVOJdl9eRgA=
github.com/clearblade/paho.mqtt.golang v1.1.1 h1:S+F3zt3EuskNZvrP4NTgtH1gbY/gvz8VlP+a7UX2LWQ=
github.com/clearblade/paho.mqtt.golang v1.1.1/go.mod h1:rpDRqEw2Q7epfQYfcHwkHDHSzNzPB+BYO8zn7cGHsWo=
github.com/gopcua/opcua v0.3.5 h1:Q5ER3TI0Z13FLrWy/5xkjBhIs1DHVUGE4Wi/LRL81vI=
github.com/gopcua/opcua v0.3.5/go.mod h1:n/qSWDVB/KSPIG4vYhBSbs5zdYAW3yOcDCRrWd1BZo0=
github.com/hashicorp/logutils v1.0.0 h1:dLEQVugN8vlakKOUE3ihGLTZJRB4j+M2cdTm/ORI65Y=
github.com/hashicorp/logutils v1.0.0/go.mod h1:QIAnNjmIWmVIIkWDTG1z5v++HQmx9WQRO+LraFDTW64=
github.com/loki-os/go-ethernet-ip v0.0.0-20220811072340-e18e9c6def34 h1:dTjGiEsxWtyLRLBd+gYu+07Xs/o7YcMXqXRWZJcs918=
github.com/loki-os/go-ethernet-ip v0.0.0-20220811072340-e18e9c6def34/go.mod h1:hwWjhUOCB8dDYr+36BHR49okBVEwQ/nkLBiAAvtN2xk=
github.com/pascaldekloe/goe v0.1.0 h1:cBOtyMzM9HTpWjXfbbunk26uA6nG3a8n06Wieeh0MwY=
github.com/pkg/errors v0.8.1 h1:iURUrRGxPUNPdy5/HRSm+Yj6okJ6UtLINN0Q9M4+h3I=
github.com/pkg/errors v0.8.1/go.mod h1:bwawxfHBFNV+L2hUp1rHADufV3IMtnDRdf1r5NINEl0=
golang.org/x/crypto v0.0.0-20190308221718-c2843e01d9a2/go.mod h1:djNgcEr1/C05ACkg1iLfiJU5Ep61QUkGW8qpdssI0+w=
golang.org/x/net v0.0.0-20191209160850-c0dbc17a3553/go.mod h1:z5CRVTTTmAJ677TzLLGU+0bjPO0LkuOLi4/5GtJWs/s=
golang.org/x/net v0.0.0-20211101193420-4a448f8816b3 h1:VrJZAjbekhoRn7n5FBujY31gboH+iB3pdLxn3gE9FjU=
golang.org/x/net v0.0.0-20211101193420-4a448f8816b3/go.mod h1:9nx3DQGgdP8bBQD5qxJ1jj9UTztislL4KSBs9R2vV5Y=
golang.org/x/sys v0.0.0-20190215142949-d0b11bdaac8a/go.mod h1:STP8DvDyc/dI5b8T5hshtkjS+E42TnysNCUPdjciGhY=
golang.org/x/text v0.3.0/go.mod h1:NqM8EUOU14njkJ3fqMW+pc6Ldnwhi/IjpwHt7yyuwOQ=
